PODS:
  - Alamofire (4.0.1)
  - SwiftyDropbox (4.1.1):
    - Alamofire (~> 4.0.1)

DEPENDENCIES:
  - SwiftyDropbox (from `../`)

EXTERNAL SOURCES:
  SwiftyDropbox:
    :path: "../"

SPEC CHECKSUMS:
  Alamofire: b70a7352335f8ea5babd0a923eb7e8eacc67b877
  SwiftyDropbox: da72fd618729227ba086221f34518fff51441dd6

PODFILE CHECKSUM: bf7b94a7c631267bee8c82615a3be1d9f7a12b2b

COCOAPODS: 1.1.0.rc.2
